
Microsoft Visual Studio Solution File, Format Version 12.00
# Visual Studio 15
Project("{FAE04EC0-301F-11D3-BF4B-00C04F79EFBC}") = "Neat", "Neat\Neat.csproj", "{56D1F12D-4542-4D38-A2C6-94C44C8EC6A4}"
EndProject
Project("{FAE04EC0-301F-11D3-BF4B-00C04F79EFBC}") = "NeatTest", "NeatTest\NeatTest.csproj", "{2B9A125D-DD18-413B-B90E-2E938573A234}"
EndProject
Global
	GlobalSection(SolutionConfigurationPlatforms) = preSolution
		Debug|Any CPU = Debug|Any CPU
		Release|Any CPU = Release|Any CPU
	EndGlobalSection
	GlobalSection(ProjectConfigurationPlatforms) = postSolution
		{56D1F12D-4542-4D38-A2C6-94C44C8EC6A4}.Debug|Any CPU.ActiveCfg = Debug|Any CPU
		{56D1F12D-4542-4D38-A2C6-94C44C8EC6A4}.Debug|Any CPU.Build.0 = Debug|Any CPU
		{56D1F12D-4542-4D38-A2C6-94C44C8EC6A4}.Release|Any CPU.ActiveCfg = Release|Any CPU
		{56D1F12D-4542-4D38-A2C6-94C44C8EC6A4}.Release|Any CPU.Build.0 = Release|Any CPU
		{2B9A125D-DD18-413B-B90E-2E938573A234}.Debug|Any CPU.ActiveCfg = Debug|Any CPU
		{2B9A125D-DD18-413B-B90E-2E938573A234}.Debug|Any CPU.Build.0 = Debug|Any CPU
		{2B9A125D-DD18-413B-B90E-2E938573A234}.Release|Any CPU.ActiveCfg = Release|Any CPU
		{2B9A125D-DD18-413B-B90E-2E938573A234}.Release|Any CPU.Build.0 = Release|Any CPU
	EndGlobalSection
EndGlobal
